
Microsoft Visual Studio Solution File, Format Version 12.00
# Visual Studio Version 17
VisualStudioVersion = 17.2.32616.157
MinimumVisualStudioVersion = 10.0.40219.1
Project("{FAE04EC0-301F-11D3-BF4B-00C04F79EFBC}") = "Cadastro1", "Cadastro1\Cadastro1.csproj", "{4CAA1B31-36F5-4150-9AB4-02988D9698EF}"
EndProject
Global
	GlobalSection(SolutionConfigurationPlatforms) = preSolution
		Debug|Any CPU = Debug|Any CPU
		Release|Any CPU = Release|Any CPU
	EndGlobalSection
	GlobalSection(ProjectConfigurationPlatforms) = postSolution
		{4CAA1B31-36F5-4150-9AB4-02988D9698EF}.Debug|Any CPU.ActiveCfg = Debug|Any CPU
		{4CAA1B31-36F5-4150-9AB4-02988D9698EF}.Debug|Any CPU.Build.0 = Debug|Any CPU
		{4CAA1B31-36F5-4150-9AB4-02988D9698EF}.Release|Any CPU.ActiveCfg = Release|Any CPU
		{4CAA1B31-36F5-4150-9AB4-02988D9698EF}.Release|Any CPU.Build.0 = Release|Any CPU
	EndGlobalSection
	GlobalSection(SolutionProperties) = preSolution
		HideSolutionNode = FALSE
	EndGlobalSection
	GlobalSection(ExtensibilityGlobals) = postSolution
		SolutionGuid = {BF59F8C9-7E3F-4A05-9245-2730B6F10295}
	EndGlobalSection
EndGlobal
